
Microsoft Visual Studio Solution File, Format Version 12.00
# Visual Studio Version 17
VisualStudioVersion = 17.0.31903.59
MinimumVisualStudioVersion = 10.0.40219.1
Project("{FAE04EC0-301F-11D3-BF4B-00C04F79EFBC}") = "DataEntery", "DataEntery\DataEntery.csproj", "{3D16EDCD-BC49-48DE-9A12-9A0EC393895E}"
EndProject
Global
	GlobalSection(SolutionConfigurationPlatforms) = preSolution
		Debug|Any CPU = Debug|Any CPU
		Release|Any CPU = Release|Any CPU
	EndGlobalSection
	GlobalSection(ProjectConfigurationPlatforms) = postSolution
		{3D16EDCD-BC49-48DE-9A12-9A0EC393895E}.Debug|Any CPU.ActiveCfg = Debug|Any CPU
		{3D16EDCD-BC49-48DE-9A12-9A0EC393895E}.Debug|Any CPU.Build.0 = Debug|Any CPU
		{3D16EDCD-BC49-48DE-9A12-9A0EC393895E}.Release|Any CPU.ActiveCfg = Release|Any CPU
		{3D16EDCD-BC49-48DE-9A12-9A0EC393895E}.Release|Any CPU.Build.0 = Release|Any CPU
	EndGlobalSection
	GlobalSection(SolutionProperties) = preSolution
		HideSolutionNode = FALSE
	EndGlobalSection
	GlobalSection(ExtensibilityGlobals) = postSolution
		SolutionGuid = {F38FAA10-464A-4144-8B7E-490929F0E3B1}
	EndGlobalSection
EndGlobal
